<?xml version="1.0" encoding="utf-8"?>
<Project ToolsVersion="4.0" xmlns="http://schemas.microsoft.com/developer/msbuild/2003">
  <ItemGroup>
    <Filter Include="Source Files">
      <UniqueIdentifier>{4FC737F1-C7A5-4376-A066-2A32D752A2FF}</UniqueIdentifier>
      <Extensions>cpp;c;cc;cxx;def;odl;idl;hpj;bat;asm;asmx</Extensions>
    </Filter>
    <Filter Include="Header Files">
      <UniqueIdentifier>{93995380-89BD-4b04-88EB-625FBE52EBFB}</UniqueIdentifier>
      <Extensions>h;hh;hpp;hxx;hm;inl;inc;ipp;xsd</Extensions>
    </Filter>
    <Filter Include="Resource Files">
      <UniqueIdentifier>{67DA6AB6-F800-4c08-8B7A-83BB121AAD01}</UniqueIdentifier>
      <Extensions>rc;ico;cur;bmp;dlg;rc2;rct;bin;rgs;gif;jpg;jpeg;jpe;resx;tiff;tif;png;wav;mfcribbon-ms</Extensions>
    </Filter>
    <Filter Include="Cryptopp">
      <UniqueIdentifier>{5e104de6-14ba-4e8d-bf48-472c331580b5}</UniqueIdentifier>
    </Filter>
  </ItemGroup>
  <ItemGroup>
    <ClCompile Include="Source.cpp">
      <Filter>Source Files</Filter>
    </ClCompile>
    <ClCompile Include="blockchain_actors\FullService.cpp">
      <Filter>Source Files</Filter>
    </ClCompile>
    <ClCompile Include="blockchain_actors\Miner.cpp">
      <Filter>Source Files</Filter>
    </ClCompile>
    <ClCompile Include="blockchain\Block.cpp">
      <Filter>Source Files</Filter>
    </ClCompile>
    <ClCompile Include="blockchain\cryptoeda.cpp">
      <Filter>Source Files</Filter>
    </ClCompile>
    <ClCompile Include="blockchain\Input.cpp">
      <Filter>Source Files</Filter>
    </ClCompile>
    <ClCompile Include="blockchain\Output.cpp">
      <Filter>Source Files</Filter>
    </ClCompile>
    <ClCompile Include="blockchain\Transaction.cpp">
      <Filter>Source Files</Filter>
    </ClCompile>
    <ClCompile Include="blockchain\UTXO.cpp">
      <Filter>Source Files</Filter>
    </ClCompile>
    <ClCompile Include="blockchain_algorithm\Verifier.cpp">
      <Filter>Source Files</Filter>
    </ClCompile>
    <ClCompile Include="blockchain_network\BlockchainContext.cpp">
      <Filter>Source Files</Filter>
    </ClCompile>
    <ClCompile Include="blockchain_network\BlockchainMessage.cpp">
      <Filter>Source Files</Filter>
    </ClCompile>
    <ClCompile Include="blockchain_network\BlockchainNode.cpp">
      <Filter>Source Files</Filter>
    </ClCompile>
    <ClCompile Include="blockchain_network\BlockchainService.cpp">
      <Filter>Source Files</Filter>
    </ClCompile>
    <ClCompile Include="blockchain_network\BlockchainStorage.cpp">
      <Filter>Source Files</Filter>
    </ClCompile>
    <ClCompile Include="blockchain_actors\ActorFactory.cpp">
      <Filter>Source Files</Filter>
    </ClCompile>
    <ClCompile Include="PTPNetwork.cpp">
      <Filter>Source Files</Filter>
    </ClCompile>
    <ClCompile Include="Graph.cpp">
      <Filter>Source Files</Filter>
    </ClCompile>
    <ClCompile Include="blockchain_actors\MinerEvent.cpp">
      <Filter>Source Files</Filter>
    </ClCompile>
    <ClCompile Include="blockchain_actors\MinerIdleFsm.cpp">
      <Filter>Source Files</Filter>
    </ClCompile>
    <ClCompile Include="blockchain_actors\MinerMiningFsm.cpp">
      <Filter>Source Files</Filter>
    </ClCompile>
    <ClCompile Include="blockchain_actors\MinerSyncFsm.cpp">
      <Filter>Source Files</Filter>
    </ClCompile>
    <ClCompile Include="blockchain_actors\MinerFsm.cpp">
      <Filter>Source Files</Filter>
    </ClCompile>
    <ClCompile Include="blockchain_actors\MFsm.cpp">
      <Filter>Source Files</Filter>
    </ClCompile>
    <ClCompile Include="Observer.cpp">
      <Filter>Source Files</Filter>
    </ClCompile>
    <ClCompile Include="Subject.cpp">
      <Filter>Source Files</Filter>
    </ClCompile>
    <ClCompile Include="FullServiceView.cpp">
      <Filter>Source Files</Filter>
    </ClCompile>
    <ClCompile Include="FullServiceController.cpp">
      <Filter>Source Files</Filter>
    </ClCompile>
    <ClCompile Include="Graphics.cpp">
      <Filter>Source Files</Filter>
    </ClCompile>
    <ClCompile Include="circPosFactory.cpp">
      <Filter>Source Files</Filter>
    </ClCompile>
    <ClCompile Include="PTPNetworkView.cpp">
      <Filter>Source Files</Filter>
    </ClCompile>
    <ClCompile Include="GUI.cpp">
      <Filter>Source Files</Filter>
    </ClCompile>
    <ClCompile Include="myGUIEventsData.cpp">
      <Filter>Source Files</Filter>
    </ClCompile>
    <ClCompile Include="PositionVector.cpp">
      <Filter>Source Files</Filter>
    </ClCompile>
    <ClCompile Include="Sec_Window_Controller.cpp">
      <Filter>Source Files</Filter>
    </ClCompile>
    <ClCompile Include="Sec_Window_View.cpp">
      <Filter>Source Files</Filter>
    </ClCompile>
    <ClCompile Include="window\Al_Component.cpp">
      <Filter>Source Files</Filter>
    </ClCompile>
    <ClCompile Include="window\Al_Label.cpp">
      <Filter>Source Files</Filter>
    </ClCompile>
    <ClCompile Include="window\ALL_BUTTON.cpp">
      <Filter>Source Files</Filter>
    </ClCompile>
    <ClCompile Include="window\ALL_BUTTON_CONTROLLER.cpp">
      <Filter>Source Files</Filter>
    </ClCompile>
    <ClCompile Include="window\EditText.cpp">
      <Filter>Source Files</Filter>
    </ClCompile>
    <ClCompile Include="window\EditText_Controller.cpp">
      <Filter>Source Files</Filter>
    </ClCompile>
  </ItemGroup>
  <ItemGroup>
    <ClInclude Include="blockchain_actors\FullService.h">
      <Filter>Header Files</Filter>
    </ClInclude>
    <ClInclude Include="blockchain_actors\Miner.h">
      <Filter>Header Files</Filter>
    </ClInclude>
    <ClInclude Include="blockchain\Block.h">
      <Filter>Header Files</Filter>
    </ClInclude>
    <ClInclude Include="blockchain\cryptoeda.h">
      <Filter>Header Files</Filter>
    </ClInclude>
    <ClInclude Include="blockchain\Input.h">
      <Filter>Header Files</Filter>
    </ClInclude>
    <ClInclude Include="blockchain\Output.h">
      <Filter>Header Files</Filter>
    </ClInclude>
    <ClInclude Include="blockchain\Transaction.h">
      <Filter>Header Files</Filter>
    </ClInclude>
    <ClInclude Include="blockchain\UTXO.h">
      <Filter>Header Files</Filter>
    </ClInclude>
    <ClInclude Include="blockchain_algorithm\Verifier.h">
      <Filter>Header Files</Filter>
    </ClInclude>
    <ClInclude Include="blockchain_network\BlockchainContext.h">
      <Filter>Header Files</Filter>
    </ClInclude>
    <ClInclude Include="blockchain_network\BlockchainMessage.h">
      <Filter>Header Files</Filter>
    </ClInclude>
    <ClInclude Include="blockchain_network\BlockchainNode.h">
      <Filter>Header Files</Filter>
    </ClInclude>
    <ClInclude Include="blockchain_network\BlockchainService.h">
      <Filter>Header Files</Filter>
    </ClInclude>
    <ClInclude Include="blockchain_network\BlockchainStorage.h">
      <Filter>Header Files</Filter>
    </ClInclude>
    <ClInclude Include="blockchain_actors\ActorFactory.h">
      <Filter>Header Files</Filter>
    </ClInclude>
    <ClInclude Include="PTPNetwork.h">
      <Filter>Header Files</Filter>
    </ClInclude>
    <ClInclude Include="Graph.h">
      <Filter>Header Files</Filter>
    </ClInclude>
    <ClInclude Include="blockchain_actors\MinerEvent.h">
      <Filter>Header Files</Filter>
    </ClInclude>
    <ClInclude Include="blockchain_actors\MinerFsm.h">
      <Filter>Header Files</Filter>
    </ClInclude>
    <ClInclude Include="blockchain_actors\MinerIdleFsm.h">
      <Filter>Header Files</Filter>
    </ClInclude>
    <ClInclude Include="blockchain_actors\MinerMiningFsm.h">
      <Filter>Header Files</Filter>
    </ClInclude>
    <ClInclude Include="blockchain_actors\MinerSyncFsm.h">
      <Filter>Header Files</Filter>
    </ClInclude>
    <ClInclude Include="blockchain_actors\MFsm.h">
      <Filter>Header Files</Filter>
    </ClInclude>
    <ClInclude Include="Observer.h">
      <Filter>Header Files</Filter>
    </ClInclude>
    <ClInclude Include="Subject.h">
      <Filter>Header Files</Filter>
    </ClInclude>
    <ClInclude Include="FullServiceView.h">
      <Filter>Header Files</Filter>
    </ClInclude>
    <ClInclude Include="FullServiceController.h">
      <Filter>Header Files</Filter>
    </ClInclude>
    <ClInclude Include="Graphics.h">
      <Filter>Header Files</Filter>
    </ClInclude>
    <ClInclude Include="Controller.h">
      <Filter>Header Files</Filter>
    </ClInclude>
    <ClInclude Include="GUI.h">
      <Filter>Header Files</Filter>
    </ClInclude>
    <ClInclude Include="circPosFactory.h">
      <Filter>Header Files</Filter>
    </ClInclude>
    <ClInclude Include="PTPNetworkView.h">
      <Filter>Header Files</Filter>
    </ClInclude>
    <ClInclude Include="myGUIEventsData.h">
      <Filter>Header Files</Filter>
    </ClInclude>
    <ClInclude Include="PositionVector.h">
      <Filter>Header Files</Filter>
    </ClInclude>
    <ClInclude Include="Sec_Window_Controller.h">
      <Filter>Header Files</Filter>
    </ClInclude>
    <ClInclude Include="Sec_Window_View.h">
      <Filter>Header Files</Filter>
    </ClInclude>
    <ClInclude Include="window\Al_Component.h">
      <Filter>Header Files</Filter>
    </ClInclude>
    <ClInclude Include="window\Al_Label.h">
      <Filter>Header Files</Filter>
    </ClInclude>
    <ClInclude Include="window\ALL_BUTTON.h">
      <Filter>Header Files</Filter>
    </ClInclude>
    <ClInclude Include="window\ALL_BUTTON_CONTROLLER.h">
      <Filter>Header Files</Filter>
    </ClInclude>
    <ClInclude Include="window\EditText.h">
      <Filter>Header Files</Filter>
    </ClInclude>
    <ClInclude Include="window\EditText_Controller.h">
      <Filter>Header Files</Filter>
    </ClInclude>
  </ItemGroup>
  <ItemGroup>
    <None Include="packages.config" />
  </ItemGroup>
  <ItemGroup>
    <Font Include="arial.ttf" />
  </ItemGroup>
</Project>